
Microsoft Visual Studio Solution File, Format Version 12.00
# Visual Studio Version 17
VisualStudioVersion = 17.14.36127.28 d17.14
MinimumVisualStudioVersion = 10.0.40219.1
Project("{FAE04EC0-301F-11D3-BF4B-00C04F79EFBC}") = "MahERP", "MahERP\MahERP.csproj", "{34870367-CB96-4E4D-96D5-9CC55B39E316}"
EndProject
Project("{FAE04EC0-301F-11D3-BF4B-00C04F79EFBC}") = "MahERP.CommonLayer", "MahERP.CommonLayer\MahERP.CommonLayer.csproj", "{AA10DF60-0B39-4B3D-8D45-4E15C5677712}"
EndProject
Project("{FAE04EC0-301F-11D3-BF4B-00C04F79EFBC}") = "MahERP.DataModelLayer", "MahERP.DataModelLayer\MahERP.DataModelLayer.csproj", "{2B5B3D30-1ACB-4240-8AD2-6D2CCDF25AB0}"
EndProject
Global
	GlobalSection(SolutionConfigurationPlatforms) = preSolution
		Debug|Any CPU = Debug|Any CPU
		Release|Any CPU = Release|Any CPU
	EndGlobalSection
	GlobalSection(ProjectConfigurationPlatforms) = postSolution
		{34870367-CB96-4E4D-96D5-9CC55B39E316}.Debug|Any CPU.ActiveCfg = Debug|Any CPU
		{34870367-CB96-4E4D-96D5-9CC55B39E316}.Debug|Any CPU.Build.0 = Debug|Any CPU
		{34870367-CB96-4E4D-96D5-9CC55B39E316}.Release|Any CPU.ActiveCfg = Release|Any CPU
		{34870367-CB96-4E4D-96D5-9CC55B39E316}.Release|Any CPU.Build.0 = Release|Any CPU
		{AA10DF60-0B39-4B3D-8D45-4E15C5677712}.Debug|Any CPU.ActiveCfg = Debug|Any CPU
		{AA10DF60-0B39-4B3D-8D45-4E15C5677712}.Debug|Any CPU.Build.0 = Debug|Any CPU
		{AA10DF60-0B39-4B3D-8D45-4E15C5677712}.Release|Any CPU.ActiveCfg = Release|Any CPU
		{AA10DF60-0B39-4B3D-8D45-4E15C5677712}.Release|Any CPU.Build.0 = Release|Any CPU
		{2B5B3D30-1ACB-4240-8AD2-6D2CCDF25AB0}.Debug|Any CPU.ActiveCfg = Debug|Any CPU
		{2B5B3D30-1ACB-4240-8AD2-6D2CCDF25AB0}.Debug|Any CPU.Build.0 = Debug|Any CPU
		{2B5B3D30-1ACB-4240-8AD2-6D2CCDF25AB0}.Release|Any CPU.ActiveCfg = Release|Any CPU
		{2B5B3D30-1ACB-4240-8AD2-6D2CCDF25AB0}.Release|Any CPU.Build.0 = Release|Any CPU
	EndGlobalSection
	GlobalSection(SolutionProperties) = preSolution
		HideSolutionNode = FALSE
	EndGlobalSection
	GlobalSection(ExtensibilityGlobals) = postSolution
		SolutionGuid = {CF58080D-288B-4FA3-A5A3-82C93E6AECA2}
	EndGlobalSection
EndGlobal
